
Microsoft Visual Studio Solution File, Format Version 12.00
# Visual Studio Version 16
VisualStudioVersion = 16.0.29318.209
MinimumVisualStudioVersion = 10.0.40219.1
Project("{9A19103F-16F7-4668-BE54-9A1E7A4F7556}") = "APSIM.Shared", "APSIM.Shared\APSIM.Shared.csproj", "{3F3CAE15-7EDF-4FDC-BC3A-7A5F85D3AF54}"
EndProject
Project("{9A19103F-16F7-4668-BE54-9A1E7A4F7556}") = "Models", "Models\Models.csproj", "{C2E3C208-655C-453E-AED2-1E9E94EC5EEE}"
EndProject
Project("{9A19103F-16F7-4668-BE54-9A1E7A4F7556}") = "Importer", "Models\Importer\Importer.csproj", "{FF8763F6-A663-4CC8-86E4-7F7C46171D80}"
EndProject
Project("{9A19103F-16F7-4668-BE54-9A1E7A4F7556}") = "APSIMRunner", "APSIMRunner\APSIMRunner.csproj", "{D798B461-77B4-46C5-9368-B770FF79DF1C}"
EndProject
Project("{9A19103F-16F7-4668-BE54-9A1E7A4F7556}") = "Updater", "Updater\Updater.csproj", "{8BEA9F77-6BE5-4898-8EA8-15ACDEAE2627}"
EndProject
Project("{9A19103F-16F7-4668-BE54-9A1E7A4F7556}") = "ApsimNG", "ApsimNG\ApsimNG.csproj", "{A6282F11-B1D1-4B07-9AD4-460F4110AF91}"
EndProject
Project("{9A19103F-16F7-4668-BE54-9A1E7A4F7556}") = "OxyPlot.GtkSharp3", "..\..\3rdPartyProjects\oxyplot-gtksharp\Source\OxyPlot.GtkSharp3\OxyPlot.GtkSharp3.csproj", "{537AAD72-99A8-4425-8A2C-1F14D09138AC}"
EndProject
Project("{9A19103F-16F7-4668-BE54-9A1E7A4F7556}") = "OxyPlot", "..\..\3rdPartyProjects\oxyplot\Source\OxyPlot\OxyPlot.csproj", "{8C8CC03B-3C2E-4E15-A350-4180BE4C9021}"
EndProject
Project("{9A19103F-16F7-4668-BE54-9A1E7A4F7556}") = "Mono.TextEditor", "Mono.Texteditor\Mono.TextEditor.csproj", "{A2329308-3751-4DBD-9A75-5F7B8B024625}"
EndProject
Project("{9A19103F-16F7-4668-BE54-9A1E7A4F7556}") = "Xwt", "..\..\3rdPartyProjects\Xwt\Xwt\Xwt.csproj", "{E6157A83-0B09-407E-AAA7-B8DA07805EA1}"
EndProject
Project("{9A19103F-16F7-4668-BE54-9A1E7A4F7556}") = "EditorTest", "EditorTest\EditorTest.csproj", "{73E901BA-62C9-4577-BAE1-D19C37DE3AB5}"
EndProject
Project("{9A19103F-16F7-4668-BE54-9A1E7A4F7556}") = "AtkSharp", "GtkSharp\Source\Libs\AtkSharp\AtkSharp.csproj", "{F622F374-AFB9-4C50-8257-ADD7AF48F7E6}"
EndProject
Project("{9A19103F-16F7-4668-BE54-9A1E7A4F7556}") = "CairoSharp", "GtkSharp\Source\Libs\CairoSharp\CairoSharp.csproj", "{DE8CE45F-46D0-493C-B4A4-CEDBC98DA673}"
EndProject
Project("{9A19103F-16F7-4668-BE54-9A1E7A4F7556}") = "GdkSharp", "GtkSharp\Source\Libs\GdkSharp\GdkSharp.csproj", "{A0949A08-0526-407F-BDB3-959A0D9F6291}"
EndProject
Project("{9A19103F-16F7-4668-BE54-9A1E7A4F7556}") = "GioSharp", "GtkSharp\Source\Libs\GioSharp\GioSharp.csproj", "{5F083E9C-2C79-47B2-882B-A9E64DA30554}"
EndProject
Project("{9A19103F-16F7-4668-BE54-9A1E7A4F7556}") = "GLibSharp", "GtkSharp\Source\Libs\GLibSharp\GLibSharp.csproj", "{7E4A4115-F37B-4232-98B7-A2B2220C21F8}"
EndProject
Project("{9A19103F-16F7-4668-BE54-9A1E7A4F7556}") = "GtkSharp", "GtkSharp\Source\Libs\GtkSharp\GtkSharp.csproj", "{EA8C88A9-551B-4F40-B657-017FE3D60A40}"
EndProject
Project("{9A19103F-16F7-4668-BE54-9A1E7A4F7556}") = "PangoSharp", "GtkSharp\Source\Libs\PangoSharp\PangoSharp.csproj", "{F41F4182-FCA8-4EE9-AB91-988A7A76DED9}"
EndProject
Project("{8BC9CEB8-8B4A-11D0-8D11-00A0C91BC942}") = "WebKitTest", "WebKitTest\WebKitTest.vcxproj", "{2C5DA483-38EC-4B0A-9996-B6AB8C96A0BF}"
EndProject
Project("{8BC9CEB8-8B4A-11D0-8D11-00A0C91BC942}") = "SourceViewtest", "SourceViewtest\SourceViewtest.vcxproj", "{193F06A8-8930-42AA-BD29-6703267D27E0}"
EndProject
Project("{9A19103F-16F7-4668-BE54-9A1E7A4F7556}") = "WebKit", "GtkSharp\Source\Libs\WebKit\WebKit.csproj", "{764A2F37-B1F7-4A8E-9FF0-419DF5983093}"
EndProject
Project("{9A19103F-16F7-4668-BE54-9A1E7A4F7556}") = "WebKitGtkTest", "WebKitGtkTest\WebKitGtkTest.csproj", "{9ECFB4EC-4EDC-433E-8B53-E1AFBCAB0EA1}"
EndProject
Project("{9A19103F-16F7-4668-BE54-9A1E7A4F7556}") = "SourceView", "GtkSharp\Source\Libs\SourceView\SourceView.csproj", "{AFAA40B3-FBD2-4B73-8869-EDC1D6E52212}"
EndProject
Project("{9A19103F-16F7-4668-BE54-9A1E7A4F7556}") = "GtkSourceViewTest", "GtkSourceViewTest\GtkSourceViewTest.csproj", "{8964D6E6-9163-4366-A4C8-EC98489278B0}"
EndProject
Project("{9A19103F-16F7-4668-BE54-9A1E7A4F7556}") = "ChromelyTest", "ChromelyTest\ChromelyTest.csproj", "{8EBD07F1-61A9-48D3-B0E0-977F15737D86}"
EndProject
Project("{9A19103F-16F7-4668-BE54-9A1E7A4F7556}") = "GtkSheet", "GtkSharp\Source\Libs\GtkSheet\GtkSheet.csproj", "{23E42B14-DB0E-4CF9-80AC-493983F70DF7}"
EndProject
Global
	GlobalSection(SolutionConfigurationPlatforms) = preSolution
		Debug|Any CPU = Debug|Any CPU
		Debug|x64 = Debug|x64
		Debug|x86 = Debug|x86
		Release|Any CPU = Release|Any CPU
		Release|x64 = Release|x64
		Release|x86 = Release|x86
		Standalone|Any CPU = Standalone|Any CPU
		Standalone|x64 = Standalone|x64
		Standalone|x86 = Standalone|x86
	EndGlobalSection
	GlobalSection(ProjectConfigurationPlatforms) = postSolution
		{3F3CAE15-7EDF-4FDC-BC3A-7A5F85D3AF54}.Debug|Any CPU.ActiveCfg = Debug|Any CPU
		{3F3CAE15-7EDF-4FDC-BC3A-7A5F85D3AF54}.Debug|Any CPU.Build.0 = Debug|Any CPU
		{3F3CAE15-7EDF-4FDC-BC3A-7A5F85D3AF54}.Debug|x64.ActiveCfg = Debug|Any CPU
		{3F3CAE15-7EDF-4FDC-BC3A-7A5F85D3AF54}.Debug|x64.Build.0 = Debug|Any CPU
		{3F3CAE15-7EDF-4FDC-BC3A-7A5F85D3AF54}.Debug|x86.ActiveCfg = Debug|Any CPU
		{3F3CAE15-7EDF-4FDC-BC3A-7A5F85D3AF54}.Debug|x86.Build.0 = Debug|Any CPU
		{3F3CAE15-7EDF-4FDC-BC3A-7A5F85D3AF54}.Release|Any CPU.ActiveCfg = Release|Any CPU
		{3F3CAE15-7EDF-4FDC-BC3A-7A5F85D3AF54}.Release|Any CPU.Build.0 = Release|Any CPU
		{3F3CAE15-7EDF-4FDC-BC3A-7A5F85D3AF54}.Release|x64.ActiveCfg = Release|Any CPU
		{3F3CAE15-7EDF-4FDC-BC3A-7A5F85D3AF54}.Release|x64.Build.0 = Release|Any CPU
		{3F3CAE15-7EDF-4FDC-BC3A-7A5F85D3AF54}.Release|x86.ActiveCfg = Release|Any CPU
		{3F3CAE15-7EDF-4FDC-BC3A-7A5F85D3AF54}.Release|x86.Build.0 = Release|Any CPU
		{3F3CAE15-7EDF-4FDC-BC3A-7A5F85D3AF54}.Standalone|Any CPU.ActiveCfg = Release|Any CPU
		{3F3CAE15-7EDF-4FDC-BC3A-7A5F85D3AF54}.Standalone|Any CPU.Build.0 = Release|Any CPU
		{3F3CAE15-7EDF-4FDC-BC3A-7A5F85D3AF54}.Standalone|x64.ActiveCfg = Release|Any CPU
		{3F3CAE15-7EDF-4FDC-BC3A-7A5F85D3AF54}.Standalone|x64.Build.0 = Release|Any CPU
		{3F3CAE15-7EDF-4FDC-BC3A-7A5F85D3AF54}.Standalone|x86.ActiveCfg = Release|Any CPU
		{3F3CAE15-7EDF-4FDC-BC3A-7A5F85D3AF54}.Standalone|x86.Build.0 = Release|Any CPU
		{C2E3C208-655C-453E-AED2-1E9E94EC5EEE}.Debug|Any CPU.ActiveCfg = Debug|Any CPU
		{C2E3C208-655C-453E-AED2-1E9E94EC5EEE}.Debug|Any CPU.Build.0 = Debug|Any CPU
		{C2E3C208-655C-453E-AED2-1E9E94EC5EEE}.Debug|x64.ActiveCfg = Debug|Any CPU
		{C2E3C208-655C-453E-AED2-1E9E94EC5EEE}.Debug|x64.Build.0 = Debug|Any CPU
		{C2E3C208-655C-453E-AED2-1E9E94EC5EEE}.Debug|x86.ActiveCfg = Debug|Any CPU
		{C2E3C208-655C-453E-AED2-1E9E94EC5EEE}.Debug|x86.Build.0 = Debug|Any CPU
		{C2E3C208-655C-453E-AED2-1E9E94EC5EEE}.Release|Any CPU.ActiveCfg = Release|Any CPU
		{C2E3C208-655C-453E-AED2-1E9E94EC5EEE}.Release|Any CPU.Build.0 = Release|Any CPU
		{C2E3C208-655C-453E-AED2-1E9E94EC5EEE}.Release|x64.ActiveCfg = Release|Any CPU
		{C2E3C208-655C-453E-AED2-1E9E94EC5EEE}.Release|x64.Build.0 = Release|Any CPU
		{C2E3C208-655C-453E-AED2-1E9E94EC5EEE}.Release|x86.ActiveCfg = Release|Any CPU
		{C2E3C208-655C-453E-AED2-1E9E94EC5EEE}.Release|x86.Build.0 = Release|Any CPU
		{C2E3C208-655C-453E-AED2-1E9E94EC5EEE}.Standalone|Any CPU.ActiveCfg = Release|Any CPU
		{C2E3C208-655C-453E-AED2-1E9E94EC5EEE}.Standalone|Any CPU.Build.0 = Release|Any CPU
		{C2E3C208-655C-453E-AED2-1E9E94EC5EEE}.Standalone|x64.ActiveCfg = Release|Any CPU
		{C2E3C208-655C-453E-AED2-1E9E94EC5EEE}.Standalone|x64.Build.0 = Release|Any CPU
		{C2E3C208-655C-453E-AED2-1E9E94EC5EEE}.Standalone|x86.ActiveCfg = Release|Any CPU
		{C2E3C208-655C-453E-AED2-1E9E94EC5EEE}.Standalone|x86.Build.0 = Release|Any CPU
		{FF8763F6-A663-4CC8-86E4-7F7C46171D80}.Debug|Any CPU.ActiveCfg = Debug|Any CPU
		{FF8763F6-A663-4CC8-86E4-7F7C46171D80}.Debug|Any CPU.Build.0 = Debug|Any CPU
		{FF8763F6-A663-4CC8-86E4-7F7C46171D80}.Debug|x64.ActiveCfg = Debug|Any CPU
		{FF8763F6-A663-4CC8-86E4-7F7C46171D80}.Debug|x64.Build.0 = Debug|Any CPU
		{FF8763F6-A663-4CC8-86E4-7F7C46171D80}.Debug|x86.ActiveCfg = Debug|Any CPU
		{FF8763F6-A663-4CC8-86E4-7F7C46171D80}.Debug|x86.Build.0 = Debug|Any CPU
		{FF8763F6-A663-4CC8-86E4-7F7C46171D80}.Release|Any CPU.ActiveCfg = Release|Any CPU
		{FF8763F6-A663-4CC8-86E4-7F7C46171D80}.Release|Any CPU.Build.0 = Release|Any CPU
		{FF8763F6-A663-4CC8-86E4-7F7C46171D80}.Release|x64.ActiveCfg = Release|Any CPU
		{FF8763F6-A663-4CC8-86E4-7F7C46171D80}.Release|x64.Build.0 = Release|Any CPU
		{FF8763F6-A663-4CC8-86E4-7F7C46171D80}.Release|x86.ActiveCfg = Release|Any CPU
		{FF8763F6-A663-4CC8-86E4-7F7C46171D80}.Release|x86.Build.0 = Release|Any CPU
		{FF8763F6-A663-4CC8-86E4-7F7C46171D80}.Standalone|Any CPU.ActiveCfg = Release|Any CPU
		{FF8763F6-A663-4CC8-86E4-7F7C46171D80}.Standalone|Any CPU.Build.0 = Release|Any CPU
		{FF8763F6-A663-4CC8-86E4-7F7C46171D80}.Standalone|x64.ActiveCfg = Release|Any CPU
		{FF8763F6-A663-4CC8-86E4-7F7C46171D80}.Standalone|x64.Build.0 = Release|Any CPU
		{FF8763F6-A663-4CC8-86E4-7F7C46171D80}.Standalone|x86.ActiveCfg = Release|Any CPU
		{FF8763F6-A663-4CC8-86E4-7F7C46171D80}.Standalone|x86.Build.0 = Release|Any CPU
		{D798B461-77B4-46C5-9368-B770FF79DF1C}.Debug|Any CPU.ActiveCfg = Debug|Any CPU
		{D798B461-77B4-46C5-9368-B770FF79DF1C}.Debug|Any CPU.Build.0 = Debug|Any CPU
		{D798B461-77B4-46C5-9368-B770FF79DF1C}.Debug|x64.ActiveCfg = Debug|Any CPU
		{D798B461-77B4-46C5-9368-B770FF79DF1C}.Debug|x64.Build.0 = Debug|Any CPU
		{D798B461-77B4-46C5-9368-B770FF79DF1C}.Debug|x86.ActiveCfg = Debug|Any CPU
		{D798B461-77B4-46C5-9368-B770FF79DF1C}.Debug|x86.Build.0 = Debug|Any CPU
		{D798B461-77B4-46C5-9368-B770FF79DF1C}.Release|Any CPU.ActiveCfg = Release|Any CPU
		{D798B461-77B4-46C5-9368-B770FF79DF1C}.Release|Any CPU.Build.0 = Release|Any CPU
		{D798B461-77B4-46C5-9368-B770FF79DF1C}.Release|x64.ActiveCfg = Release|Any CPU
		{D798B461-77B4-46C5-9368-B770FF79DF1C}.Release|x64.Build.0 = Release|Any CPU
		{D798B461-77B4-46C5-9368-B770FF79DF1C}.Release|x86.ActiveCfg = Release|Any CPU
		{D798B461-77B4-46C5-9368-B770FF79DF1C}.Release|x86.Build.0 = Release|Any CPU
		{D798B461-77B4-46C5-9368-B770FF79DF1C}.Standalone|Any CPU.ActiveCfg = Release|Any CPU
		{D798B461-77B4-46C5-9368-B770FF79DF1C}.Standalone|Any CPU.Build.0 = Release|Any CPU
		{D798B461-77B4-46C5-9368-B770FF79DF1C}.Standalone|x64.ActiveCfg = Release|Any CPU
		{D798B461-77B4-46C5-9368-B770FF79DF1C}.Standalone|x64.Build.0 = Release|Any CPU
		{D798B461-77B4-46C5-9368-B770FF79DF1C}.Standalone|x86.ActiveCfg = Release|Any CPU
		{D798B461-77B4-46C5-9368-B770FF79DF1C}.Standalone|x86.Build.0 = Release|Any CPU
		{8BEA9F77-6BE5-4898-8EA8-15ACDEAE2627}.Debug|Any CPU.ActiveCfg = Debug|Any CPU
		{8BEA9F77-6BE5-4898-8EA8-15ACDEAE2627}.Debug|Any CPU.Build.0 = Debug|Any CPU
		{8BEA9F77-6BE5-4898-8EA8-15ACDEAE2627}.Debug|x64.ActiveCfg = Debug|Any CPU
		{8BEA9F77-6BE5-4898-8EA8-15ACDEAE2627}.Debug|x64.Build.0 = Debug|Any CPU
		{8BEA9F77-6BE5-4898-8EA8-15ACDEAE2627}.Debug|x86.ActiveCfg = Debug|Any CPU
		{8BEA9F77-6BE5-4898-8EA8-15ACDEAE2627}.Debug|x86.Build.0 = Debug|Any CPU
		{8BEA9F77-6BE5-4898-8EA8-15ACDEAE2627}.Release|Any CPU.ActiveCfg = Release|Any CPU
		{8BEA9F77-6BE5-4898-8EA8-15ACDEAE2627}.Release|Any CPU.Build.0 = Release|Any CPU
		{8BEA9F77-6BE5-4898-8EA8-15ACDEAE2627}.Release|x64.ActiveCfg = Release|Any CPU
		{8BEA9F77-6BE5-4898-8EA8-15ACDEAE2627}.Release|x64.Build.0 = Release|Any CPU
		{8BEA9F77-6BE5-4898-8EA8-15ACDEAE2627}.Release|x86.ActiveCfg = Release|Any CPU
		{8BEA9F77-6BE5-4898-8EA8-15ACDEAE2627}.Release|x86.Build.0 = Release|Any CPU
		{8BEA9F77-6BE5-4898-8EA8-15ACDEAE2627}.Standalone|Any CPU.ActiveCfg = Release|Any CPU
		{8BEA9F77-6BE5-4898-8EA8-15ACDEAE2627}.Standalone|Any CPU.Build.0 = Release|Any CPU
		{8BEA9F77-6BE5-4898-8EA8-15ACDEAE2627}.Standalone|x64.ActiveCfg = Release|Any CPU
		{8BEA9F77-6BE5-4898-8EA8-15ACDEAE2627}.Standalone|x64.Build.0 = Release|Any CPU
		{8BEA9F77-6BE5-4898-8EA8-15ACDEAE2627}.Standalone|x86.ActiveCfg = Release|Any CPU
		{8BEA9F77-6BE5-4898-8EA8-15ACDEAE2627}.Standalone|x86.Build.0 = Release|Any CPU
		{A6282F11-B1D1-4B07-9AD4-460F4110AF91}.Debug|Any CPU.ActiveCfg = Debug|Any CPU
		{A6282F11-B1D1-4B07-9AD4-460F4110AF91}.Debug|Any CPU.Build.0 = Debug|Any CPU
		{A6282F11-B1D1-4B07-9AD4-460F4110AF91}.Debug|x64.ActiveCfg = Debug|Any CPU
		{A6282F11-B1D1-4B07-9AD4-460F4110AF91}.Debug|x64.Build.0 = Debug|Any CPU
		{A6282F11-B1D1-4B07-9AD4-460F4110AF91}.Debug|x86.ActiveCfg = Debug|Any CPU
		{A6282F11-B1D1-4B07-9AD4-460F4110AF91}.Debug|x86.Build.0 = Debug|Any CPU
		{A6282F11-B1D1-4B07-9AD4-460F4110AF91}.Release|Any CPU.ActiveCfg = Release|Any CPU
		{A6282F11-B1D1-4B07-9AD4-460F4110AF91}.Release|Any CPU.Build.0 = Release|Any CPU
		{A6282F11-B1D1-4B07-9AD4-460F4110AF91}.Release|x64.ActiveCfg = Release|Any CPU
		{A6282F11-B1D1-4B07-9AD4-460F4110AF91}.Release|x64.Build.0 = Release|Any CPU
		{A6282F11-B1D1-4B07-9AD4-460F4110AF91}.Release|x86.ActiveCfg = Release|Any CPU
		{A6282F11-B1D1-4B07-9AD4-460F4110AF91}.Release|x86.Build.0 = Release|Any CPU
		{A6282F11-B1D1-4B07-9AD4-460F4110AF91}.Standalone|Any CPU.ActiveCfg = Release|Any CPU
		{A6282F11-B1D1-4B07-9AD4-460F4110AF91}.Standalone|Any CPU.Build.0 = Release|Any CPU
		{A6282F11-B1D1-4B07-9AD4-460F4110AF91}.Standalone|x64.ActiveCfg = Release|Any CPU
		{A6282F11-B1D1-4B07-9AD4-460F4110AF91}.Standalone|x64.Build.0 = Release|Any CPU
		{A6282F11-B1D1-4B07-9AD4-460F4110AF91}.Standalone|x86.ActiveCfg = Release|Any CPU
		{A6282F11-B1D1-4B07-9AD4-460F4110AF91}.Standalone|x86.Build.0 = Release|Any CPU
		{537AAD72-99A8-4425-8A2C-1F14D09138AC}.Debug|Any CPU.ActiveCfg = Debug|Any CPU
		{537AAD72-99A8-4425-8A2C-1F14D09138AC}.Debug|Any CPU.Build.0 = Debug|Any CPU
		{537AAD72-99A8-4425-8A2C-1F14D09138AC}.Debug|x64.ActiveCfg = Debug|Any CPU
		{537AAD72-99A8-4425-8A2C-1F14D09138AC}.Debug|x64.Build.0 = Debug|Any CPU
		{537AAD72-99A8-4425-8A2C-1F14D09138AC}.Debug|x86.ActiveCfg = Debug|Any CPU
		{537AAD72-99A8-4425-8A2C-1F14D09138AC}.Debug|x86.Build.0 = Debug|Any CPU
		{537AAD72-99A8-4425-8A2C-1F14D09138AC}.Release|Any CPU.ActiveCfg = Release|Any CPU
		{537AAD72-99A8-4425-8A2C-1F14D09138AC}.Release|Any CPU.Build.0 = Release|Any CPU
		{537AAD72-99A8-4425-8A2C-1F14D09138AC}.Release|x64.ActiveCfg = Release|Any CPU
		{537AAD72-99A8-4425-8A2C-1F14D09138AC}.Release|x64.Build.0 = Release|Any CPU
		{537AAD72-99A8-4425-8A2C-1F14D09138AC}.Release|x86.ActiveCfg = Release|Any CPU
		{537AAD72-99A8-4425-8A2C-1F14D09138AC}.Release|x86.Build.0 = Release|Any CPU
		{537AAD72-99A8-4425-8A2C-1F14D09138AC}.Standalone|Any CPU.ActiveCfg = Release|Any CPU
		{537AAD72-99A8-4425-8A2C-1F14D09138AC}.Standalone|Any CPU.Build.0 = Release|Any CPU
		{537AAD72-99A8-4425-8A2C-1F14D09138AC}.Standalone|x64.ActiveCfg = Release|Any CPU
		{537AAD72-99A8-4425-8A2C-1F14D09138AC}.Standalone|x64.Build.0 = Release|Any CPU
		{537AAD72-99A8-4425-8A2C-1F14D09138AC}.Standalone|x86.ActiveCfg = Release|Any CPU
		{537AAD72-99A8-4425-8A2C-1F14D09138AC}.Standalone|x86.Build.0 = Release|Any CPU
		{8C8CC03B-3C2E-4E15-A350-4180BE4C9021}.Debug|Any CPU.ActiveCfg = Debug|Any CPU
		{8C8CC03B-3C2E-4E15-A350-4180BE4C9021}.Debug|Any CPU.Build.0 = Debug|Any CPU
		{8C8CC03B-3C2E-4E15-A350-4180BE4C9021}.Debug|x64.ActiveCfg = Debug|Any CPU
		{8C8CC03B-3C2E-4E15-A350-4180BE4C9021}.Debug|x64.Build.0 = Debug|Any CPU
		{8C8CC03B-3C2E-4E15-A350-4180BE4C9021}.Debug|x86.ActiveCfg = Debug|Any CPU
		{8C8CC03B-3C2E-4E15-A350-4180BE4C9021}.Debug|x86.Build.0 = Debug|Any CPU
		{8C8CC03B-3C2E-4E15-A350-4180BE4C9021}.Release|Any CPU.ActiveCfg = Release|Any CPU
		{8C8CC03B-3C2E-4E15-A350-4180BE4C9021}.Release|Any CPU.Build.0 = Release|Any CPU
		{8C8CC03B-3C2E-4E15-A350-4180BE4C9021}.Release|x64.ActiveCfg = Release|Any CPU
		{8C8CC03B-3C2E-4E15-A350-4180BE4C9021}.Release|x64.Build.0 = Release|Any CPU
		{8C8CC03B-3C2E-4E15-A350-4180BE4C9021}.Release|x86.ActiveCfg = Release|Any CPU
		{8C8CC03B-3C2E-4E15-A350-4180BE4C9021}.Release|x86.Build.0 = Release|Any CPU
		{8C8CC03B-3C2E-4E15-A350-4180BE4C9021}.Standalone|Any CPU.ActiveCfg = Release|Any CPU
		{8C8CC03B-3C2E-4E15-A350-4180BE4C9021}.Standalone|Any CPU.Build.0 = Release|Any CPU
		{8C8CC03B-3C2E-4E15-A350-4180BE4C9021}.Standalone|x64.ActiveCfg = Release|Any CPU
		{8C8CC03B-3C2E-4E15-A350-4180BE4C9021}.Standalone|x64.Build.0 = Release|Any CPU
		{8C8CC03B-3C2E-4E15-A350-4180BE4C9021}.Standalone|x86.ActiveCfg = Release|Any CPU
		{8C8CC03B-3C2E-4E15-A350-4180BE4C9021}.Standalone|x86.Build.0 = Release|Any CPU
		{A2329308-3751-4DBD-9A75-5F7B8B024625}.Debug|Any CPU.ActiveCfg = Debug|Any CPU
		{A2329308-3751-4DBD-9A75-5F7B8B024625}.Debug|Any CPU.Build.0 = Debug|Any CPU
		{A2329308-3751-4DBD-9A75-5F7B8B024625}.Debug|x64.ActiveCfg = Debug|Any CPU
		{A2329308-3751-4DBD-9A75-5F7B8B024625}.Debug|x64.Build.0 = Debug|Any CPU
		{A2329308-3751-4DBD-9A75-5F7B8B024625}.Debug|x86.ActiveCfg = Debug|Any CPU
		{A2329308-3751-4DBD-9A75-5F7B8B024625}.Debug|x86.Build.0 = Debug|Any CPU
		{A2329308-3751-4DBD-9A75-5F7B8B024625}.Release|Any CPU.ActiveCfg = Release|Any CPU
		{A2329308-3751-4DBD-9A75-5F7B8B024625}.Release|Any CPU.Build.0 = Release|Any CPU
		{A2329308-3751-4DBD-9A75-5F7B8B024625}.Release|x64.ActiveCfg = Release|Any CPU
		{A2329308-3751-4DBD-9A75-5F7B8B024625}.Release|x64.Build.0 = Release|Any CPU
		{A2329308-3751-4DBD-9A75-5F7B8B024625}.Release|x86.ActiveCfg = Release|Any CPU
		{A2329308-3751-4DBD-9A75-5F7B8B024625}.Release|x86.Build.0 = Release|Any CPU
		{A2329308-3751-4DBD-9A75-5F7B8B024625}.Standalone|Any CPU.ActiveCfg = Release|Any CPU
		{A2329308-3751-4DBD-9A75-5F7B8B024625}.Standalone|Any CPU.Build.0 = Release|Any CPU
		{A2329308-3751-4DBD-9A75-5F7B8B024625}.Standalone|x64.ActiveCfg = Release|Any CPU
		{A2329308-3751-4DBD-9A75-5F7B8B024625}.Standalone|x64.Build.0 = Release|Any CPU
		{A2329308-3751-4DBD-9A75-5F7B8B024625}.Standalone|x86.ActiveCfg = Release|Any CPU
		{A2329308-3751-4DBD-9A75-5F7B8B024625}.Standalone|x86.Build.0 = Release|Any CPU
		{E6157A83-0B09-407E-AAA7-B8DA07805EA1}.Debug|Any CPU.ActiveCfg = Debug|Any CPU
		{E6157A83-0B09-407E-AAA7-B8DA07805EA1}.Debug|Any CPU.Build.0 = Debug|Any CPU
		{E6157A83-0B09-407E-AAA7-B8DA07805EA1}.Debug|x64.ActiveCfg = Debug|Any CPU
		{E6157A83-0B09-407E-AAA7-B8DA07805EA1}.Debug|x64.Build.0 = Debug|Any CPU
		{E6157A83-0B09-407E-AAA7-B8DA07805EA1}.Debug|x86.ActiveCfg = Debug|Any CPU
		{E6157A83-0B09-407E-AAA7-B8DA07805EA1}.Debug|x86.Build.0 = Debug|Any CPU
		{E6157A83-0B09-407E-AAA7-B8DA07805EA1}.Release|Any CPU.ActiveCfg = Release|Any CPU
		{E6157A83-0B09-407E-AAA7-B8DA07805EA1}.Release|Any CPU.Build.0 = Release|Any CPU
		{E6157A83-0B09-407E-AAA7-B8DA07805EA1}.Release|x64.ActiveCfg = Release|Any CPU
		{E6157A83-0B09-407E-AAA7-B8DA07805EA1}.Release|x64.Build.0 = Release|Any CPU
		{E6157A83-0B09-407E-AAA7-B8DA07805EA1}.Release|x86.ActiveCfg = Release|Any CPU
		{E6157A83-0B09-407E-AAA7-B8DA07805EA1}.Release|x86.Build.0 = Release|Any CPU
		{E6157A83-0B09-407E-AAA7-B8DA07805EA1}.Standalone|Any CPU.ActiveCfg = Debug|Any CPU
		{E6157A83-0B09-407E-AAA7-B8DA07805EA1}.Standalone|Any CPU.Build.0 = Debug|Any CPU
		{E6157A83-0B09-407E-AAA7-B8DA07805EA1}.Standalone|x64.ActiveCfg = Release|Any CPU
		{E6157A83-0B09-407E-AAA7-B8DA07805EA1}.Standalone|x64.Build.0 = Release|Any CPU
		{E6157A83-0B09-407E-AAA7-B8DA07805EA1}.Standalone|x86.ActiveCfg = Release|Any CPU
		{E6157A83-0B09-407E-AAA7-B8DA07805EA1}.Standalone|x86.Build.0 = Release|Any CPU
		{73E901BA-62C9-4577-BAE1-D19C37DE3AB5}.Debug|Any CPU.ActiveCfg = Debug|Any CPU
		{73E901BA-62C9-4577-BAE1-D19C37DE3AB5}.Debug|Any CPU.Build.0 = Debug|Any CPU
		{73E901BA-62C9-4577-BAE1-D19C37DE3AB5}.Debug|x64.ActiveCfg = Debug|Any CPU
		{73E901BA-62C9-4577-BAE1-D19C37DE3AB5}.Debug|x64.Build.0 = Debug|Any CPU
		{73E901BA-62C9-4577-BAE1-D19C37DE3AB5}.Debug|x86.ActiveCfg = Debug|Any CPU
		{73E901BA-62C9-4577-BAE1-D19C37DE3AB5}.Debug|x86.Build.0 = Debug|Any CPU
		{73E901BA-62C9-4577-BAE1-D19C37DE3AB5}.Release|Any CPU.ActiveCfg = Release|Any CPU
		{73E901BA-62C9-4577-BAE1-D19C37DE3AB5}.Release|Any CPU.Build.0 = Release|Any CPU
		{73E901BA-62C9-4577-BAE1-D19C37DE3AB5}.Release|x64.ActiveCfg = Release|Any CPU
		{73E901BA-62C9-4577-BAE1-D19C37DE3AB5}.Release|x64.Build.0 = Release|Any CPU
		{73E901BA-62C9-4577-BAE1-D19C37DE3AB5}.Release|x86.ActiveCfg = Release|Any CPU
		{73E901BA-62C9-4577-BAE1-D19C37DE3AB5}.Release|x86.Build.0 = Release|Any CPU
		{73E901BA-62C9-4577-BAE1-D19C37DE3AB5}.Standalone|Any CPU.ActiveCfg = Debug|Any CPU
		{73E901BA-62C9-4577-BAE1-D19C37DE3AB5}.Standalone|Any CPU.Build.0 = Debug|Any CPU
		{73E901BA-62C9-4577-BAE1-D19C37DE3AB5}.Standalone|x64.ActiveCfg = Release|Any CPU
		{73E901BA-62C9-4577-BAE1-D19C37DE3AB5}.Standalone|x64.Build.0 = Release|Any CPU
		{73E901BA-62C9-4577-BAE1-D19C37DE3AB5}.Standalone|x86.ActiveCfg = Release|Any CPU
		{73E901BA-62C9-4577-BAE1-D19C37DE3AB5}.Standalone|x86.Build.0 = Release|Any CPU
		{F622F374-AFB9-4C50-8257-ADD7AF48F7E6}.Debug|Any CPU.ActiveCfg = Debug|Any CPU
		{F622F374-AFB9-4C50-8257-ADD7AF48F7E6}.Debug|Any CPU.Build.0 = Debug|Any CPU
		{F622F374-AFB9-4C50-8257-ADD7AF48F7E6}.Debug|x64.ActiveCfg = Debug|Any CPU
		{F622F374-AFB9-4C50-8257-ADD7AF48F7E6}.Debug|x64.Build.0 = Debug|Any CPU
		{F622F374-AFB9-4C50-8257-ADD7AF48F7E6}.Debug|x86.ActiveCfg = Debug|Any CPU
		{F622F374-AFB9-4C50-8257-ADD7AF48F7E6}.Debug|x86.Build.0 = Debug|Any CPU
		{F622F374-AFB9-4C50-8257-ADD7AF48F7E6}.Release|Any CPU.ActiveCfg = Release|Any CPU
		{F622F374-AFB9-4C50-8257-ADD7AF48F7E6}.Release|Any CPU.Build.0 = Release|Any CPU
		{F622F374-AFB9-4C50-8257-ADD7AF48F7E6}.Release|x64.ActiveCfg = Release|Any CPU
		{F622F374-AFB9-4C50-8257-ADD7AF48F7E6}.Release|x64.Build.0 = Release|Any CPU
		{F622F374-AFB9-4C50-8257-ADD7AF48F7E6}.Release|x86.ActiveCfg = Release|Any CPU
		{F622F374-AFB9-4C50-8257-ADD7AF48F7E6}.Release|x86.Build.0 = Release|Any CPU
		{F622F374-AFB9-4C50-8257-ADD7AF48F7E6}.Standalone|Any CPU.ActiveCfg = Debug|Any CPU
		{F622F374-AFB9-4C50-8257-ADD7AF48F7E6}.Standalone|Any CPU.Build.0 = Debug|Any CPU
		{F622F374-AFB9-4C50-8257-ADD7AF48F7E6}.Standalone|x64.ActiveCfg = Release|Any CPU
		{F622F374-AFB9-4C50-8257-ADD7AF48F7E6}.Standalone|x64.Build.0 = Release|Any CPU
		{F622F374-AFB9-4C50-8257-ADD7AF48F7E6}.Standalone|x86.ActiveCfg = Release|Any CPU
		{F622F374-AFB9-4C50-8257-ADD7AF48F7E6}.Standalone|x86.Build.0 = Release|Any CPU
		{DE8CE45F-46D0-493C-B4A4-CEDBC98DA673}.Debug|Any CPU.ActiveCfg = Debug|Any CPU
		{DE8CE45F-46D0-493C-B4A4-CEDBC98DA673}.Debug|Any CPU.Build.0 = Debug|Any CPU
		{DE8CE45F-46D0-493C-B4A4-CEDBC98DA673}.Debug|x64.ActiveCfg = Debug|Any CPU
		{DE8CE45F-46D0-493C-B4A4-CEDBC98DA673}.Debug|x64.Build.0 = Debug|Any CPU
		{DE8CE45F-46D0-493C-B4A4-CEDBC98DA673}.Debug|x86.ActiveCfg = Debug|Any CPU
		{DE8CE45F-46D0-493C-B4A4-CEDBC98DA673}.Debug|x86.Build.0 = Debug|Any CPU
		{DE8CE45F-46D0-493C-B4A4-CEDBC98DA673}.Release|Any CPU.ActiveCfg = Release|Any CPU
		{DE8CE45F-46D0-493C-B4A4-CEDBC98DA673}.Release|Any CPU.Build.0 = Release|Any CPU
		{DE8CE45F-46D0-493C-B4A4-CEDBC98DA673}.Release|x64.ActiveCfg = Release|Any CPU
		{DE8CE45F-46D0-493C-B4A4-CEDBC98DA673}.Release|x64.Build.0 = Release|Any CPU
		{DE8CE45F-46D0-493C-B4A4-CEDBC98DA673}.Release|x86.ActiveCfg = Release|Any CPU
		{DE8CE45F-46D0-493C-B4A4-CEDBC98DA673}.Release|x86.Build.0 = Release|Any CPU
		{DE8CE45F-46D0-493C-B4A4-CEDBC98DA673}.Standalone|Any CPU.ActiveCfg = Debug|Any CPU
		{DE8CE45F-46D0-493C-B4A4-CEDBC98DA673}.Standalone|Any CPU.Build.0 = Debug|Any CPU
		{DE8CE45F-46D0-493C-B4A4-CEDBC98DA673}.Standalone|x64.ActiveCfg = Release|Any CPU
		{DE8CE45F-46D0-493C-B4A4-CEDBC98DA673}.Standalone|x64.Build.0 = Release|Any CPU
		{DE8CE45F-46D0-493C-B4A4-CEDBC98DA673}.Standalone|x86.ActiveCfg = Release|Any CPU
		{DE8CE45F-46D0-493C-B4A4-CEDBC98DA673}.Standalone|x86.Build.0 = Release|Any CPU
		{A0949A08-0526-407F-BDB3-959A0D9F6291}.Debug|Any CPU.ActiveCfg = Debug|Any CPU
		{A0949A08-0526-407F-BDB3-959A0D9F6291}.Debug|Any CPU.Build.0 = Debug|Any CPU
		{A0949A08-0526-407F-BDB3-959A0D9F6291}.Debug|x64.ActiveCfg = Debug|Any CPU
		{A0949A08-0526-407F-BDB3-959A0D9F6291}.Debug|x64.Build.0 = Debug|Any CPU
		{A0949A08-0526-407F-BDB3-959A0D9F6291}.Debug|x86.ActiveCfg = Debug|Any CPU
		{A0949A08-0526-407F-BDB3-959A0D9F6291}.Debug|x86.Build.0 = Debug|Any CPU
		{A0949A08-0526-407F-BDB3-959A0D9F6291}.Release|Any CPU.ActiveCfg = Release|Any CPU
		{A0949A08-0526-407F-BDB3-959A0D9F6291}.Release|Any CPU.Build.0 = Release|Any CPU
		{A0949A08-0526-407F-BDB3-959A0D9F6291}.Release|x64.ActiveCfg = Release|Any CPU
		{A0949A08-0526-407F-BDB3-959A0D9F6291}.Release|x64.Build.0 = Release|Any CPU
		{A0949A08-0526-407F-BDB3-959A0D9F6291}.Release|x86.ActiveCfg = Release|Any CPU
		{A0949A08-0526-407F-BDB3-959A0D9F6291}.Release|x86.Build.0 = Release|Any CPU
		{A0949A08-0526-407F-BDB3-959A0D9F6291}.Standalone|Any CPU.ActiveCfg = Debug|Any CPU
		{A0949A08-0526-407F-BDB3-959A0D9F6291}.Standalone|Any CPU.Build.0 = Debug|Any CPU
		{A0949A08-0526-407F-BDB3-959A0D9F6291}.Standalone|x64.ActiveCfg = Release|Any CPU
		{A0949A08-0526-407F-BDB3-959A0D9F6291}.Standalone|x64.Build.0 = Release|Any CPU
		{A0949A08-0526-407F-BDB3-959A0D9F6291}.Standalone|x86.ActiveCfg = Release|Any CPU
		{A0949A08-0526-407F-BDB3-959A0D9F6291}.Standalone|x86.Build.0 = Release|Any CPU
		{5F083E9C-2C79-47B2-882B-A9E64DA30554}.Debug|Any CPU.ActiveCfg = Debug|Any CPU
		{5F083E9C-2C79-47B2-882B-A9E64DA30554}.Debug|Any CPU.Build.0 = Debug|Any CPU
		{5F083E9C-2C79-47B2-882B-A9E64DA30554}.Debug|x64.ActiveCfg = Debug|Any CPU
		{5F083E9C-2C79-47B2-882B-A9E64DA30554}.Debug|x64.Build.0 = Debug|Any CPU
		{5F083E9C-2C79-47B2-882B-A9E64DA30554}.Debug|x86.ActiveCfg = Debug|Any CPU
		{5F083E9C-2C79-47B2-882B-A9E64DA30554}.Debug|x86.Build.0 = Debug|Any CPU
		{5F083E9C-2C79-47B2-882B-A9E64DA30554}.Release|Any CPU.ActiveCfg = Release|Any CPU
		{5F083E9C-2C79-47B2-882B-A9E64DA30554}.Release|Any CPU.Build.0 = Release|Any CPU
		{5F083E9C-2C79-47B2-882B-A9E64DA30554}.Release|x64.ActiveCfg = Release|Any CPU
		{5F083E9C-2C79-47B2-882B-A9E64DA30554}.Release|x64.Build.0 = Release|Any CPU
		{5F083E9C-2C79-47B2-882B-A9E64DA30554}.Release|x86.ActiveCfg = Release|Any CPU
		{5F083E9C-2C79-47B2-882B-A9E64DA30554}.Release|x86.Build.0 = Release|Any CPU
		{5F083E9C-2C79-47B2-882B-A9E64DA30554}.Standalone|Any CPU.ActiveCfg = Debug|Any CPU
		{5F083E9C-2C79-47B2-882B-A9E64DA30554}.Standalone|Any CPU.Build.0 = Debug|Any CPU
		{5F083E9C-2C79-47B2-882B-A9E64DA30554}.Standalone|x64.ActiveCfg = Release|Any CPU
		{5F083E9C-2C79-47B2-882B-A9E64DA30554}.Standalone|x64.Build.0 = Release|Any CPU
		{5F083E9C-2C79-47B2-882B-A9E64DA30554}.Standalone|x86.ActiveCfg = Release|Any CPU
		{5F083E9C-2C79-47B2-882B-A9E64DA30554}.Standalone|x86.Build.0 = Release|Any CPU
		{7E4A4115-F37B-4232-98B7-A2B2220C21F8}.Debug|Any CPU.ActiveCfg = Debug|Any CPU
		{7E4A4115-F37B-4232-98B7-A2B2220C21F8}.Debug|Any CPU.Build.0 = Debug|Any CPU
		{7E4A4115-F37B-4232-98B7-A2B2220C21F8}.Debug|x64.ActiveCfg = Debug|Any CPU
		{7E4A4115-F37B-4232-98B7-A2B2220C21F8}.Debug|x64.Build.0 = Debug|Any CPU
		{7E4A4115-F37B-4232-98B7-A2B2220C21F8}.Debug|x86.ActiveCfg = Debug|Any CPU
		{7E4A4115-F37B-4232-98B7-A2B2220C21F8}.Debug|x86.Build.0 = Debug|Any CPU
		{7E4A4115-F37B-4232-98B7-A2B2220C21F8}.Release|Any CPU.ActiveCfg = Release|Any CPU
		{7E4A4115-F37B-4232-98B7-A2B2220C21F8}.Release|Any CPU.Build.0 = Release|Any CPU
		{7E4A4115-F37B-4232-98B7-A2B2220C21F8}.Release|x64.ActiveCfg = Release|Any CPU
		{7E4A4115-F37B-4232-98B7-A2B2220C21F8}.Release|x64.Build.0 = Release|Any CPU
		{7E4A4115-F37B-4232-98B7-A2B2220C21F8}.Release|x86.ActiveCfg = Release|Any CPU
		{7E4A4115-F37B-4232-98B7-A2B2220C21F8}.Release|x86.Build.0 = Release|Any CPU
		{7E4A4115-F37B-4232-98B7-A2B2220C21F8}.Standalone|Any CPU.ActiveCfg = Debug|Any CPU
		{7E4A4115-F37B-4232-98B7-A2B2220C21F8}.Standalone|Any CPU.Build.0 = Debug|Any CPU
		{7E4A4115-F37B-4232-98B7-A2B2220C21F8}.Standalone|x64.ActiveCfg = Release|Any CPU
		{7E4A4115-F37B-4232-98B7-A2B2220C21F8}.Standalone|x64.Build.0 = Release|Any CPU
		{7E4A4115-F37B-4232-98B7-A2B2220C21F8}.Standalone|x86.ActiveCfg = Release|Any CPU
		{7E4A4115-F37B-4232-98B7-A2B2220C21F8}.Standalone|x86.Build.0 = Release|Any CPU
		{EA8C88A9-551B-4F40-B657-017FE3D60A40}.Debug|Any CPU.ActiveCfg = Debug|Any CPU
		{EA8C88A9-551B-4F40-B657-017FE3D60A40}.Debug|Any CPU.Build.0 = Debug|Any CPU
		{EA8C88A9-551B-4F40-B657-017FE3D60A40}.Debug|x64.ActiveCfg = Debug|Any CPU
		{EA8C88A9-551B-4F40-B657-017FE3D60A40}.Debug|x64.Build.0 = Debug|Any CPU
		{EA8C88A9-551B-4F40-B657-017FE3D60A40}.Debug|x86.ActiveCfg = Debug|Any CPU
		{EA8C88A9-551B-4F40-B657-017FE3D60A40}.Debug|x86.Build.0 = Debug|Any CPU
		{EA8C88A9-551B-4F40-B657-017FE3D60A40}.Release|Any CPU.ActiveCfg = Release|Any CPU
		{EA8C88A9-551B-4F40-B657-017FE3D60A40}.Release|Any CPU.Build.0 = Release|Any CPU
		{EA8C88A9-551B-4F40-B657-017FE3D60A40}.Release|x64.ActiveCfg = Release|Any CPU
		{EA8C88A9-551B-4F40-B657-017FE3D60A40}.Release|x64.Build.0 = Release|Any CPU
		{EA8C88A9-551B-4F40-B657-017FE3D60A40}.Release|x86.ActiveCfg = Release|Any CPU
		{EA8C88A9-551B-4F40-B657-017FE3D60A40}.Release|x86.Build.0 = Release|Any CPU
		{EA8C88A9-551B-4F40-B657-017FE3D60A40}.Standalone|Any CPU.ActiveCfg = Debug|Any CPU
		{EA8C88A9-551B-4F40-B657-017FE3D60A40}.Standalone|Any CPU.Build.0 = Debug|Any CPU
		{EA8C88A9-551B-4F40-B657-017FE3D60A40}.Standalone|x64.ActiveCfg = Release|Any CPU
		{EA8C88A9-551B-4F40-B657-017FE3D60A40}.Standalone|x64.Build.0 = Release|Any CPU
		{EA8C88A9-551B-4F40-B657-017FE3D60A40}.Standalone|x86.ActiveCfg = Release|Any CPU
		{EA8C88A9-551B-4F40-B657-017FE3D60A40}.Standalone|x86.Build.0 = Release|Any CPU
		{F41F4182-FCA8-4EE9-AB91-988A7A76DED9}.Debug|Any CPU.ActiveCfg = Debug|Any CPU
		{F41F4182-FCA8-4EE9-AB91-988A7A76DED9}.Debug|Any CPU.Build.0 = Debug|Any CPU
		{F41F4182-FCA8-4EE9-AB91-988A7A76DED9}.Debug|x64.ActiveCfg = Debug|Any CPU
		{F41F4182-FCA8-4EE9-AB91-988A7A76DED9}.Debug|x64.Build.0 = Debug|Any CPU
		{F41F4182-FCA8-4EE9-AB91-988A7A76DED9}.Debug|x86.ActiveCfg = Debug|Any CPU
		{F41F4182-FCA8-4EE9-AB91-988A7A76DED9}.Debug|x86.Build.0 = Debug|Any CPU
		{F41F4182-FCA8-4EE9-AB91-988A7A76DED9}.Release|Any CPU.ActiveCfg = Release|Any CPU
		{F41F4182-FCA8-4EE9-AB91-988A7A76DED9}.Release|Any CPU.Build.0 = Release|Any CPU
		{F41F4182-FCA8-4EE9-AB91-988A7A76DED9}.Release|x64.ActiveCfg = Release|Any CPU
		{F41F4182-FCA8-4EE9-AB91-988A7A76DED9}.Release|x64.Build.0 = Release|Any CPU
		{F41F4182-FCA8-4EE9-AB91-988A7A76DED9}.Release|x86.ActiveCfg = Release|Any CPU
		{F41F4182-FCA8-4EE9-AB91-988A7A76DED9}.Release|x86.Build.0 = Release|Any CPU
		{F41F4182-FCA8-4EE9-AB91-988A7A76DED9}.Standalone|Any CPU.ActiveCfg = Debug|Any CPU
		{F41F4182-FCA8-4EE9-AB91-988A7A76DED9}.Standalone|Any CPU.Build.0 = Debug|Any CPU
		{F41F4182-FCA8-4EE9-AB91-988A7A76DED9}.Standalone|x64.ActiveCfg = Release|Any CPU
		{F41F4182-FCA8-4EE9-AB91-988A7A76DED9}.Standalone|x64.Build.0 = Release|Any CPU
		{F41F4182-FCA8-4EE9-AB91-988A7A76DED9}.Standalone|x86.ActiveCfg = Release|Any CPU
		{F41F4182-FCA8-4EE9-AB91-988A7A76DED9}.Standalone|x86.Build.0 = Release|Any CPU
		{2C5DA483-38EC-4B0A-9996-B6AB8C96A0BF}.Debug|Any CPU.ActiveCfg = Debug|Win32
		{2C5DA483-38EC-4B0A-9996-B6AB8C96A0BF}.Debug|x64.ActiveCfg = Debug|x64
		{2C5DA483-38EC-4B0A-9996-B6AB8C96A0BF}.Debug|x64.Build.0 = Debug|x64
		{2C5DA483-38EC-4B0A-9996-B6AB8C96A0BF}.Debug|x86.ActiveCfg = Debug|Win32
		{2C5DA483-38EC-4B0A-9996-B6AB8C96A0BF}.Debug|x86.Build.0 = Debug|Win32
		{2C5DA483-38EC-4B0A-9996-B6AB8C96A0BF}.Release|Any CPU.ActiveCfg = Release|Win32
		{2C5DA483-38EC-4B0A-9996-B6AB8C96A0BF}.Release|x64.ActiveCfg = Release|x64
		{2C5DA483-38EC-4B0A-9996-B6AB8C96A0BF}.Release|x64.Build.0 = Release|x64
		{2C5DA483-38EC-4B0A-9996-B6AB8C96A0BF}.Release|x86.ActiveCfg = Release|Win32
		{2C5DA483-38EC-4B0A-9996-B6AB8C96A0BF}.Release|x86.Build.0 = Release|Win32
		{2C5DA483-38EC-4B0A-9996-B6AB8C96A0BF}.Standalone|Any CPU.ActiveCfg = Release|x64
		{2C5DA483-38EC-4B0A-9996-B6AB8C96A0BF}.Standalone|Any CPU.Build.0 = Release|x64
		{2C5DA483-38EC-4B0A-9996-B6AB8C96A0BF}.Standalone|x64.ActiveCfg = Release|x64
		{2C5DA483-38EC-4B0A-9996-B6AB8C96A0BF}.Standalone|x64.Build.0 = Release|x64
		{2C5DA483-38EC-4B0A-9996-B6AB8C96A0BF}.Standalone|x86.ActiveCfg = Release|Win32
		{2C5DA483-38EC-4B0A-9996-B6AB8C96A0BF}.Standalone|x86.Build.0 = Release|Win32
		{193F06A8-8930-42AA-BD29-6703267D27E0}.Debug|Any CPU.ActiveCfg = Debug|Win32
		{193F06A8-8930-42AA-BD29-6703267D27E0}.Debug|x64.ActiveCfg = Debug|x64
		{193F06A8-8930-42AA-BD29-6703267D27E0}.Debug|x64.Build.0 = Debug|x64
		{193F06A8-8930-42AA-BD29-6703267D27E0}.Debug|x86.ActiveCfg = Debug|Win32
		{193F06A8-8930-42AA-BD29-6703267D27E0}.Debug|x86.Build.0 = Debug|Win32
		{193F06A8-8930-42AA-BD29-6703267D27E0}.Release|Any CPU.ActiveCfg = Release|Win32
		{193F06A8-8930-42AA-BD29-6703267D27E0}.Release|x64.ActiveCfg = Release|x64
		{193F06A8-8930-42AA-BD29-6703267D27E0}.Release|x64.Build.0 = Release|x64
		{193F06A8-8930-42AA-BD29-6703267D27E0}.Release|x86.ActiveCfg = Release|Win32
		{193F06A8-8930-42AA-BD29-6703267D27E0}.Release|x86.Build.0 = Release|Win32
		{193F06A8-8930-42AA-BD29-6703267D27E0}.Standalone|Any CPU.ActiveCfg = Release|x64
		{193F06A8-8930-42AA-BD29-6703267D27E0}.Standalone|Any CPU.Build.0 = Release|x64
		{193F06A8-8930-42AA-BD29-6703267D27E0}.Standalone|x64.ActiveCfg = Release|x64
		{193F06A8-8930-42AA-BD29-6703267D27E0}.Standalone|x64.Build.0 = Release|x64
		{193F06A8-8930-42AA-BD29-6703267D27E0}.Standalone|x86.ActiveCfg = Release|Win32
		{193F06A8-8930-42AA-BD29-6703267D27E0}.Standalone|x86.Build.0 = Release|Win32
		{764A2F37-B1F7-4A8E-9FF0-419DF5983093}.Debug|Any CPU.ActiveCfg = Debug|Any CPU
		{764A2F37-B1F7-4A8E-9FF0-419DF5983093}.Debug|Any CPU.Build.0 = Debug|Any CPU
		{764A2F37-B1F7-4A8E-9FF0-419DF5983093}.Debug|x64.ActiveCfg = Debug|Any CPU
		{764A2F37-B1F7-4A8E-9FF0-419DF5983093}.Debug|x64.Build.0 = Debug|Any CPU
		{764A2F37-B1F7-4A8E-9FF0-419DF5983093}.Debug|x86.ActiveCfg = Debug|Any CPU
		{764A2F37-B1F7-4A8E-9FF0-419DF5983093}.Debug|x86.Build.0 = Debug|Any CPU
		{764A2F37-B1F7-4A8E-9FF0-419DF5983093}.Release|Any CPU.ActiveCfg = Release|Any CPU
		{764A2F37-B1F7-4A8E-9FF0-419DF5983093}.Release|Any CPU.Build.0 = Release|Any CPU
		{764A2F37-B1F7-4A8E-9FF0-419DF5983093}.Release|x64.ActiveCfg = Release|Any CPU
		{764A2F37-B1F7-4A8E-9FF0-419DF5983093}.Release|x64.Build.0 = Release|Any CPU
		{764A2F37-B1F7-4A8E-9FF0-419DF5983093}.Release|x86.ActiveCfg = Release|Any CPU
		{764A2F37-B1F7-4A8E-9FF0-419DF5983093}.Release|x86.Build.0 = Release|Any CPU
		{764A2F37-B1F7-4A8E-9FF0-419DF5983093}.Standalone|Any CPU.ActiveCfg = Debug|Any CPU
		{764A2F37-B1F7-4A8E-9FF0-419DF5983093}.Standalone|Any CPU.Build.0 = Debug|Any CPU
		{764A2F37-B1F7-4A8E-9FF0-419DF5983093}.Standalone|x64.ActiveCfg = Debug|Any CPU
		{764A2F37-B1F7-4A8E-9FF0-419DF5983093}.Standalone|x64.Build.0 = Debug|Any CPU
		{764A2F37-B1F7-4A8E-9FF0-419DF5983093}.Standalone|x86.ActiveCfg = Debug|Any CPU
		{764A2F37-B1F7-4A8E-9FF0-419DF5983093}.Standalone|x86.Build.0 = Debug|Any CPU
		{9ECFB4EC-4EDC-433E-8B53-E1AFBCAB0EA1}.Debug|Any CPU.ActiveCfg = Debug|Any CPU
		{9ECFB4EC-4EDC-433E-8B53-E1AFBCAB0EA1}.Debug|Any CPU.Build.0 = Debug|Any CPU
		{9ECFB4EC-4EDC-433E-8B53-E1AFBCAB0EA1}.Debug|x64.ActiveCfg = Debug|Any CPU
		{9ECFB4EC-4EDC-433E-8B53-E1AFBCAB0EA1}.Debug|x64.Build.0 = Debug|Any CPU
		{9ECFB4EC-4EDC-433E-8B53-E1AFBCAB0EA1}.Debug|x86.ActiveCfg = Debug|Any CPU
		{9ECFB4EC-4EDC-433E-8B53-E1AFBCAB0EA1}.Debug|x86.Build.0 = Debug|Any CPU
		{9ECFB4EC-4EDC-433E-8B53-E1AFBCAB0EA1}.Release|Any CPU.ActiveCfg = Release|Any CPU
		{9ECFB4EC-4EDC-433E-8B53-E1AFBCAB0EA1}.Release|Any CPU.Build.0 = Release|Any CPU
		{9ECFB4EC-4EDC-433E-8B53-E1AFBCAB0EA1}.Release|x64.ActiveCfg = Release|Any CPU
		{9ECFB4EC-4EDC-433E-8B53-E1AFBCAB0EA1}.Release|x64.Build.0 = Release|Any CPU
		{9ECFB4EC-4EDC-433E-8B53-E1AFBCAB0EA1}.Release|x86.ActiveCfg = Release|Any CPU
		{9ECFB4EC-4EDC-433E-8B53-E1AFBCAB0EA1}.Release|x86.Build.0 = Release|Any CPU
		{9ECFB4EC-4EDC-433E-8B53-E1AFBCAB0EA1}.Standalone|Any CPU.ActiveCfg = Debug|Any CPU
		{9ECFB4EC-4EDC-433E-8B53-E1AFBCAB0EA1}.Standalone|Any CPU.Build.0 = Debug|Any CPU
		{9ECFB4EC-4EDC-433E-8B53-E1AFBCAB0EA1}.Standalone|x64.ActiveCfg = Debug|Any CPU
		{9ECFB4EC-4EDC-433E-8B53-E1AFBCAB0EA1}.Standalone|x64.Build.0 = Debug|Any CPU
		{9ECFB4EC-4EDC-433E-8B53-E1AFBCAB0EA1}.Standalone|x86.ActiveCfg = Debug|Any CPU
		{9ECFB4EC-4EDC-433E-8B53-E1AFBCAB0EA1}.Standalone|x86.Build.0 = Debug|Any CPU
		{AFAA40B3-FBD2-4B73-8869-EDC1D6E52212}.Debug|Any CPU.ActiveCfg = Debug|Any CPU
		{AFAA40B3-FBD2-4B73-8869-EDC1D6E52212}.Debug|Any CPU.Build.0 = Debug|Any CPU
		{AFAA40B3-FBD2-4B73-8869-EDC1D6E52212}.Debug|x64.ActiveCfg = Debug|Any CPU
		{AFAA40B3-FBD2-4B73-8869-EDC1D6E52212}.Debug|x64.Build.0 = Debug|Any CPU
		{AFAA40B3-FBD2-4B73-8869-EDC1D6E52212}.Debug|x86.ActiveCfg = Debug|Any CPU
		{AFAA40B3-FBD2-4B73-8869-EDC1D6E52212}.Debug|x86.Build.0 = Debug|Any CPU
		{AFAA40B3-FBD2-4B73-8869-EDC1D6E52212}.Release|Any CPU.ActiveCfg = Release|Any CPU
		{AFAA40B3-FBD2-4B73-8869-EDC1D6E52212}.Release|Any CPU.Build.0 = Release|Any CPU
		{AFAA40B3-FBD2-4B73-8869-EDC1D6E52212}.Release|x64.ActiveCfg = Release|Any CPU
		{AFAA40B3-FBD2-4B73-8869-EDC1D6E52212}.Release|x64.Build.0 = Release|Any CPU
		{AFAA40B3-FBD2-4B73-8869-EDC1D6E52212}.Release|x86.ActiveCfg = Release|Any CPU
		{AFAA40B3-FBD2-4B73-8869-EDC1D6E52212}.Release|x86.Build.0 = Release|Any CPU
		{AFAA40B3-FBD2-4B73-8869-EDC1D6E52212}.Standalone|Any CPU.ActiveCfg = Debug|Any CPU
		{AFAA40B3-FBD2-4B73-8869-EDC1D6E52212}.Standalone|Any CPU.Build.0 = Debug|Any CPU
		{AFAA40B3-FBD2-4B73-8869-EDC1D6E52212}.Standalone|x64.ActiveCfg = Debug|Any CPU
		{AFAA40B3-FBD2-4B73-8869-EDC1D6E52212}.Standalone|x64.Build.0 = Debug|Any CPU
		{AFAA40B3-FBD2-4B73-8869-EDC1D6E52212}.Standalone|x86.ActiveCfg = Debug|Any CPU
		{AFAA40B3-FBD2-4B73-8869-EDC1D6E52212}.Standalone|x86.Build.0 = Debug|Any CPU
		{8964D6E6-9163-4366-A4C8-EC98489278B0}.Debug|Any CPU.ActiveCfg = Debug|Any CPU
		{8964D6E6-9163-4366-A4C8-EC98489278B0}.Debug|Any CPU.Build.0 = Debug|Any CPU
		{8964D6E6-9163-4366-A4C8-EC98489278B0}.Debug|x64.ActiveCfg = Debug|Any CPU
		{8964D6E6-9163-4366-A4C8-EC98489278B0}.Debug|x64.Build.0 = Debug|Any CPU
		{8964D6E6-9163-4366-A4C8-EC98489278B0}.Debug|x86.ActiveCfg = Debug|Any CPU
		{8964D6E6-9163-4366-A4C8-EC98489278B0}.Debug|x86.Build.0 = Debug|Any CPU
		{8964D6E6-9163-4366-A4C8-EC98489278B0}.Release|Any CPU.ActiveCfg = Release|Any CPU
		{8964D6E6-9163-4366-A4C8-EC98489278B0}.Release|Any CPU.Build.0 = Release|Any CPU
		{8964D6E6-9163-4366-A4C8-EC98489278B0}.Release|x64.ActiveCfg = Release|Any CPU
		{8964D6E6-9163-4366-A4C8-EC98489278B0}.Release|x64.Build.0 = Release|Any CPU
		{8964D6E6-9163-4366-A4C8-EC98489278B0}.Release|x86.ActiveCfg = Release|Any CPU
		{8964D6E6-9163-4366-A4C8-EC98489278B0}.Release|x86.Build.0 = Release|Any CPU
		{8964D6E6-9163-4366-A4C8-EC98489278B0}.Standalone|Any CPU.ActiveCfg = Debug|Any CPU
		{8964D6E6-9163-4366-A4C8-EC98489278B0}.Standalone|Any CPU.Build.0 = Debug|Any CPU
		{8964D6E6-9163-4366-A4C8-EC98489278B0}.Standalone|x64.ActiveCfg = Debug|Any CPU
		{8964D6E6-9163-4366-A4C8-EC98489278B0}.Standalone|x64.Build.0 = Debug|Any CPU
		{8964D6E6-9163-4366-A4C8-EC98489278B0}.Standalone|x86.ActiveCfg = Debug|Any CPU
		{8964D6E6-9163-4366-A4C8-EC98489278B0}.Standalone|x86.Build.0 = Debug|Any CPU
		{8EBD07F1-61A9-48D3-B0E0-977F15737D86}.Debug|Any CPU.ActiveCfg = Debug|Any CPU
		{8EBD07F1-61A9-48D3-B0E0-977F15737D86}.Debug|Any CPU.Build.0 = Debug|Any CPU
		{8EBD07F1-61A9-48D3-B0E0-977F15737D86}.Debug|x64.ActiveCfg = Debug|Any CPU
		{8EBD07F1-61A9-48D3-B0E0-977F15737D86}.Debug|x64.Build.0 = Debug|Any CPU
		{8EBD07F1-61A9-48D3-B0E0-977F15737D86}.Debug|x86.ActiveCfg = Debug|Any CPU
		{8EBD07F1-61A9-48D3-B0E0-977F15737D86}.Debug|x86.Build.0 = Debug|Any CPU
		{8EBD07F1-61A9-48D3-B0E0-977F15737D86}.Release|Any CPU.ActiveCfg = Release|Any CPU
		{8EBD07F1-61A9-48D3-B0E0-977F15737D86}.Release|Any CPU.Build.0 = Release|Any CPU
		{8EBD07F1-61A9-48D3-B0E0-977F15737D86}.Release|x64.ActiveCfg = Release|Any CPU
		{8EBD07F1-61A9-48D3-B0E0-977F15737D86}.Release|x64.Build.0 = Release|Any CPU
		{8EBD07F1-61A9-48D3-B0E0-977F15737D86}.Release|x86.ActiveCfg = Release|Any CPU
		{8EBD07F1-61A9-48D3-B0E0-977F15737D86}.Release|x86.Build.0 = Release|Any CPU
		{8EBD07F1-61A9-48D3-B0E0-977F15737D86}.Standalone|Any CPU.ActiveCfg = Debug|Any CPU
		{8EBD07F1-61A9-48D3-B0E0-977F15737D86}.Standalone|Any CPU.Build.0 = Debug|Any CPU
		{8EBD07F1-61A9-48D3-B0E0-977F15737D86}.Standalone|x64.ActiveCfg = Debug|Any CPU
		{8EBD07F1-61A9-48D3-B0E0-977F15737D86}.Standalone|x64.Build.0 = Debug|Any CPU
		{8EBD07F1-61A9-48D3-B0E0-977F15737D86}.Standalone|x86.ActiveCfg = Debug|Any CPU
		{8EBD07F1-61A9-48D3-B0E0-977F15737D86}.Standalone|x86.Build.0 = Debug|Any CPU
		{23E42B14-DB0E-4CF9-80AC-493983F70DF7}.Debug|Any CPU.ActiveCfg = Debug|Any CPU
		{23E42B14-DB0E-4CF9-80AC-493983F70DF7}.Debug|Any CPU.Build.0 = Debug|Any CPU
		{23E42B14-DB0E-4CF9-80AC-493983F70DF7}.Debug|x64.ActiveCfg = Debug|Any CPU
		{23E42B14-DB0E-4CF9-80AC-493983F70DF7}.Debug|x64.Build.0 = Debug|Any CPU
		{23E42B14-DB0E-4CF9-80AC-493983F70DF7}.Debug|x86.ActiveCfg = Debug|Any CPU
		{23E42B14-DB0E-4CF9-80AC-493983F70DF7}.Debug|x86.Build.0 = Debug|Any CPU
		{23E42B14-DB0E-4CF9-80AC-493983F70DF7}.Release|Any CPU.ActiveCfg = Release|Any CPU
		{23E42B14-DB0E-4CF9-80AC-493983F70DF7}.Release|Any CPU.Build.0 = Release|Any CPU
		{23E42B14-DB0E-4CF9-80AC-493983F70DF7}.Release|x64.ActiveCfg = Release|Any CPU
		{23E42B14-DB0E-4CF9-80AC-493983F70DF7}.Release|x64.Build.0 = Release|Any CPU
		{23E42B14-DB0E-4CF9-80AC-493983F70DF7}.Release|x86.ActiveCfg = Release|Any CPU
		{23E42B14-DB0E-4CF9-80AC-493983F70DF7}.Release|x86.Build.0 = Release|Any CPU
		{23E42B14-DB0E-4CF9-80AC-493983F70DF7}.Standalone|Any CPU.ActiveCfg = Debug|Any CPU
		{23E42B14-DB0E-4CF9-80AC-493983F70DF7}.Standalone|Any CPU.Build.0 = Debug|Any CPU
		{23E42B14-DB0E-4CF9-80AC-493983F70DF7}.Standalone|x64.ActiveCfg = Debug|Any CPU
		{23E42B14-DB0E-4CF9-80AC-493983F70DF7}.Standalone|x64.Build.0 = Debug|Any CPU
		{23E42B14-DB0E-4CF9-80AC-493983F70DF7}.Standalone|x86.ActiveCfg = Debug|Any CPU
		{23E42B14-DB0E-4CF9-80AC-493983F70DF7}.Standalone|x86.Build.0 = Debug|Any CPU
	EndGlobalSection
	GlobalSection(SolutionProperties) = preSolution
		HideSolutionNode = FALSE
	EndGlobalSection
	GlobalSection(ExtensibilityGlobals) = postSolution
		SolutionGuid = {CD3797E2-218A-4801-84B6-89362506F42F}
	EndGlobalSection
EndGlobal
